// !$*UTF8*$!
{
	archiveVersion = 1;
	classes = {
	};
	objectVersion = 56;
	objects = {

/* Begin PBXBuildFile section */
		3F5FE4462B0F6B5C008FC175 /* SwiftDoctor5App.swift in Sources */ = {isa = PBXBuildFile; fileRef = 3F5FE4452B0F6B5C008FC175 /* SwiftDoctor5App.swift */; };
		3F5FE4482B0F6B5C008FC175 /* ContentView.swift in Sources */ = {isa = PBXBuildFile; fileRef = 3F5FE4472B0F6B5C008FC175 /* ContentView.swift */; };
		3F5FE44C2B0F6B5D008FC175 /* Assets.xcassets in Resources */ = {isa = PBXBuildFile; fileRef = 3F5FE44B2B0F6B5D008FC175 /* Assets.xcassets */; };
		3F5FE44F2B0F6B5D008FC175 /* Preview Assets.xcassets in Resources */ = {isa = PBXBuildFile; fileRef = 3F5FE44E2B0F6B5D008FC175 /* Preview Assets.xcassets */; };
		3F5FE4592B0F6B5D008FC175 /* SwiftDoctor5Tests.swift in Sources */ = {isa = PBXBuildFile; fileRef = 3F5FE4582B0F6B5D008FC175 /* SwiftDoctor5Tests.swift */; };
		3F5FE4632B0F6B5D008FC175 /* SwiftDoctor5UITests.swift in Sources */ = {isa = PBXBuildFile; fileRef = 3F5FE4622B0F6B5D008FC175 /* SwiftDoctor5UITests.swift */; };
		3F5FE4652B0F6B5D008FC175 /* SwiftDoctor5UITestsLaunchTests.swift in Sources */ = {isa = PBXBuildFile; fileRef = 3F5FE4642B0F6B5D008FC175 /* SwiftDoctor5UITestsLaunchTests.swift */; };
		3F5FE4742B0F6C32008FC175 /* Colors.swift in Sources */ = {isa = PBXBuildFile; fileRef = 3F5FE4732B0F6C32008FC175 /* Colors.swift */; };
		3F5FE4762B0F6C52008FC175 /* FontStyles.swift in Sources */ = {isa = PBXBuildFile; fileRef = 3F5FE4752B0F6C52008FC175 /* FontStyles.swift */; };
		3F5FE4782B0F6C5E008FC175 /* Strings.swift in Sources */ = {isa = PBXBuildFile; fileRef = 3F5FE4772B0F6C5E008FC175 /* Strings.swift */; };
		3F5FE47A2B0F6CC7008FC175 /* Buttons.swift in Sources */ = {isa = PBXBuildFile; fileRef = 3F5FE4792B0F6CC7008FC175 /* Buttons.swift */; };
		3F5FE47C2B0F6CF4008FC175 /* DoctorPad.swift in Sources */ = {isa = PBXBuildFile; fileRef = 3F5FE47B2B0F6CF4008FC175 /* DoctorPad.swift */; };
		3F5FE47E2B0F6D11008FC175 /* HelloBar.swift in Sources */ = {isa = PBXBuildFile; fileRef = 3F5FE47D2B0F6D11008FC175 /* HelloBar.swift */; };
		3F5FE4802B0F6D2A008FC175 /* SearchPad.swift in Sources */ = {isa = PBXBuildFile; fileRef = 3F5FE47F2B0F6D2A008FC175 /* SearchPad.swift */; };
		3F5FE4842B0F729D008FC175 /* HomeView.swift in Sources */ = {isa = PBXBuildFile; fileRef = 3F5FE4832B0F729D008FC175 /* HomeView.swift */; };
		3F5FE4862B0F72C1008FC175 /* CalendarView.swift in Sources */ = {isa = PBXBuildFile; fileRef = 3F5FE4852B0F72C1008FC175 /* CalendarView.swift */; };
		3F5FE4882B0F72D4008FC175 /* MessageView.swift in Sources */ = {isa = PBXBuildFile; fileRef = 3F5FE4872B0F72D4008FC175 /* MessageView.swift */; };
		3F5FE48A2B0F72E5008FC175 /* ProfileView.swift in Sources */ = {isa = PBXBuildFile; fileRef = 3F5FE4892B0F72E5008FC175 /* ProfileView.swift */; };
		3F5FE48C2B0F754B008FC175 /* TabViews.swift in Sources */ = {isa = PBXBuildFile; fileRef = 3F5FE48B2B0F754B008FC175 /* TabViews.swift */; };
		3F5FE4922B0F8902008FC175 /* DoctorCards.swift in Sources */ = {isa = PBXBuildFile; fileRef = 3F5FE4912B0F8902008FC175 /* DoctorCards.swift */; };
/* End PBXBuildFile section */

/* Begin PBXContainerItemProxy section */
		3F5FE4552B0F6B5D008FC175 /* PBXContainerItemProxy */ = {
			isa = PBXContainerItemProxy;
			containerPortal = 3F5FE43A2B0F6B5C008FC175 /* Project object */;
			proxyType = 1;
			remoteGlobalIDString = 3F5FE4412B0F6B5C008FC175;
			remoteInfo = SwiftDoctor5;
		};
		3F5FE45F2B0F6B5D008FC175 /* PBXContainerItemProxy */ = {
			isa = PBXContainerItemProxy;
			containerPortal = 3F5FE43A2B0F6B5C008FC175 /* Project object */;
			proxyType = 1;
			remoteGlobalIDString = 3F5FE4412B0F6B5C008FC175;
			remoteInfo = SwiftDoctor5;
		};
/* End PBXContainerItemProxy section */

/* Begin PBXFileReference section */
		3F5FE4422B0F6B5C008FC175 /* SwiftDoctor5.app */ = {isa = PBXFileReference; explicitFileType = wrapper.application; includeInIndex = 0; path = SwiftDoctor5.app; sourceTree = BUILT_PRODUCTS_DIR; };
		3F5FE4452B0F6B5C008FC175 /* SwiftDoctor5App.swift */ = {isa = PBXFileReference; lastKnownFileType = sourcecode.swift; path = SwiftDoctor5App.swift; sourceTree = "<group>"; };
		3F5FE4472B0F6B5C008FC175 /* ContentView.swift */ = {isa = PBXFileReference; lastKnownFileType = sourcecode.swift; path = ContentView.swift; sourceTree = "<group>"; };
		3F5FE44B2B0F6B5D008FC175 /* Assets.xcassets */ = {isa = PBXFileReference; lastKnownFileType = folder.assetcatalog; path = Assets.xcassets; sourceTree = "<group>"; };
		3F5FE44E2B0F6B5D008FC175 /* Preview Assets.xcassets */ = {isa = PBXFileReference; lastKnownFileType = folder.assetcatalog; path = "Preview Assets.xcassets"; sourceTree = "<group>"; };
		3F5FE4542B0F6B5D008FC175 /* SwiftDoctor5Tests.xctest */ = {isa = PBXFileReference; explicitFileType = wrapper.cfbundle; includeInIndex = 0; path = SwiftDoctor5Tests.xctest; sourceTree = BUILT_PRODUCTS_DIR; };
		3F5FE4582B0F6B5D008FC175 /* SwiftDoctor5Tests.swift */ = {isa = PBXFileReference; lastKnownFileType = sourcecode.swift; path = SwiftDoctor5Tests.swift; sourceTree = "<group>"; };
		3F5FE45E2B0F6B5D008FC175 /* SwiftDoctor5UITests.xctest */ = {isa = PBXFileReference; explicitFileType = wrapper.cfbundle; includeInIndex = 0; path = SwiftDoctor5UITests.xctest; sourceTree = BUILT_PRODUCTS_DIR; };
		3F5FE4622B0F6B5D008FC175 /* SwiftDoctor5UITests.swift */ = {isa = PBXFileReference; lastKnownFileType = sourcecode.swift; path = SwiftDoctor5UITests.swift; sourceTree = "<group>"; };
		3F5FE4642B0F6B5D008FC175 /* SwiftDoctor5UITestsLaunchTests.swift */ = {isa = PBXFileReference; lastKnownFileType = sourcecode.swift; path = SwiftDoctor5UITestsLaunchTests.swift; sourceTree = "<group>"; };
		3F5FE4732B0F6C32008FC175 /* Colors.swift */ = {isa = PBXFileReference; lastKnownFileType = sourcecode.swift; path = Colors.swift; sourceTree = "<group>"; };
		3F5FE4752B0F6C52008FC175 /* FontStyles.swift */ = {isa = PBXFileReference; lastKnownFileType = sourcecode.swift; path = FontStyles.swift; sourceTree = "<group>"; };
		3F5FE4772B0F6C5E008FC175 /* Strings.swift */ = {isa = PBXFileReference; lastKnownFileType = sourcecode.swift; path = Strings.swift; sourceTree = "<group>"; };
		3F5FE4792B0F6CC7008FC175 /* Buttons.swift */ = {isa = PBXFileReference; lastKnownFileType = sourcecode.swift; path = Buttons.swift; sourceTree = "<group>"; };
		3F5FE47B2B0F6CF4008FC175 /* DoctorPad.swift */ = {isa = PBXFileReference; lastKnownFileType = sourcecode.swift; path = DoctorPad.swift; sourceTree = "<group>"; };
		3F5FE47D2B0F6D11008FC175 /* HelloBar.swift */ = {isa = PBXFileReference; lastKnownFileType = sourcecode.swift; path = HelloBar.swift; sourceTree = "<group>"; };
		3F5FE47F2B0F6D2A008FC175 /* SearchPad.swift */ = {isa = PBXFileReference; lastKnownFileType = sourcecode.swift; path = SearchPad.swift; sourceTree = "<group>"; };
		3F5FE4832B0F729D008FC175 /* HomeView.swift */ = {isa = PBXFileReference; lastKnownFileType = sourcecode.swift; path = HomeView.swift; sourceTree = "<group>"; };
		3F5FE4852B0F72C1008FC175 /* CalendarView.swift */ = {isa = PBXFileReference; lastKnownFileType = sourcecode.swift; path = CalendarView.swift; sourceTree = "<group>"; };
		3F5FE4872B0F72D4008FC175 /* MessageView.swift */ = {isa = PBXFileReference; lastKnownFileType = sourcecode.swift; path = MessageView.swift; sourceTree = "<group>"; };
		3F5FE4892B0F72E5008FC175 /* ProfileView.swift */ = {isa = PBXFileReference; lastKnownFileType = sourcecode.swift; path = ProfileView.swift; sourceTree = "<group>"; };
		3F5FE48B2B0F754B008FC175 /* TabViews.swift */ = {isa = PBXFileReference; lastKnownFileType = sourcecode.swift; path = TabViews.swift; sourceTree = "<group>"; };
		3F5FE4912B0F8902008FC175 /* DoctorCards.swift */ = {isa = PBXFileReference; lastKnownFileType = sourcecode.swift; path = DoctorCards.swift; sourceTree = "<group>"; };
/* End PBXFileReference section */

/* Begin PBXFrameworksBuildPhase section */
		3F5FE43F2B0F6B5C008FC175 /* Frameworks */ = {
			isa = PBXFrameworksBuildPhase;
			buildActionMask = 2147483647;
			files = (
			);
			runOnlyForDeploymentPostprocessing = 0;
		};
		3F5FE4512B0F6B5D008FC175 /* Frameworks */ = {
			isa = PBXFrameworksBuildPhase;
			buildActionMask = 2147483647;
			files = (
			);
			runOnlyForDeploymentPostprocessing = 0;
		};
		3F5FE45B2B0F6B5D008FC175 /* Frameworks */ = {
			isa = PBXFrameworksBuildPhase;
			buildActionMask = 2147483647;
			files = (
			);
			runOnlyForDeploymentPostprocessing = 0;
		};
/* End PBXFrameworksBuildPhase section */

/* Begin PBXGroup section */
		3F5FE4392B0F6B5C008FC175 = {
			isa = PBXGroup;
			children = (
				3F5FE4442B0F6B5C008FC175 /* SwiftDoctor5 */,
				3F5FE4572B0F6B5D008FC175 /* SwiftDoctor5Tests */,
				3F5FE4612B0F6B5D008FC175 /* SwiftDoctor5UITests */,
				3F5FE4432B0F6B5C008FC175 /* Products */,
			);
			sourceTree = "<group>";
		};
		3F5FE4432B0F6B5C008FC175 /* Products */ = {
			isa = PBXGroup;
			children = (
				3F5FE4422B0F6B5C008FC175 /* SwiftDoctor5.app */,
				3F5FE4542B0F6B5D008FC175 /* SwiftDoctor5Tests.xctest */,
				3F5FE45E2B0F6B5D008FC175 /* SwiftDoctor5UITests.xctest */,
			);
			name = Products;
			sourceTree = "<group>";
		};
		3F5FE4442B0F6B5C008FC175 /* SwiftDoctor5 */ = {
			isa = PBXGroup;
			children = (
				3F5FE4722B0F6C0B008FC175 /* Views */,
				3F5FE4712B0F6C02008FC175 /* res */,
				3F5FE4452B0F6B5C008FC175 /* SwiftDoctor5App.swift */,
				3F5FE44B2B0F6B5D008FC175 /* Assets.xcassets */,
				3F5FE44D2B0F6B5D008FC175 /* Preview Content */,
			);
			path = SwiftDoctor5;
			sourceTree = "<group>";
		};
		3F5FE44D2B0F6B5D008FC175 /* Preview Content */ = {
			isa = PBXGroup;
			children = (
				3F5FE44E2B0F6B5D008FC175 /* Preview Assets.xcassets */,
			);
			path = "Preview Content";
			sourceTree = "<group>";
		};
		3F5FE4572B0F6B5D008FC175 /* SwiftDoctor5Tests */ = {
			isa = PBXGroup;
			children = (
				3F5FE4582B0F6B5D008FC175 /* SwiftDoctor5Tests.swift */,
			);
			path = SwiftDoctor5Tests;
			sourceTree = "<group>";
		};
		3F5FE4612B0F6B5D008FC175 /* SwiftDoctor5UITests */ = {
			isa = PBXGroup;
			children = (
				3F5FE4622B0F6B5D008FC175 /* SwiftDoctor5UITests.swift */,
				3F5FE4642B0F6B5D008FC175 /* SwiftDoctor5UITestsLaunchTests.swift */,
			);
			path = SwiftDoctor5UITests;
			sourceTree = "<group>";
		};
		3F5FE4712B0F6C02008FC175 /* res */ = {
			isa = PBXGroup;
			children = (
				3F5FE4732B0F6C32008FC175 /* Colors.swift */,
				3F5FE4752B0F6C52008FC175 /* FontStyles.swift */,
				3F5FE4772B0F6C5E008FC175 /* Strings.swift */,
			);
			path = res;
			sourceTree = "<group>";
		};
		3F5FE4722B0F6C0B008FC175 /* Views */ = {
			isa = PBXGroup;
			children = (
				3F5FE4472B0F6B5C008FC175 /* ContentView.swift */,
				3F5FE4792B0F6CC7008FC175 /* Buttons.swift */,
				3F5FE47B2B0F6CF4008FC175 /* DoctorPad.swift */,
				3F5FE47D2B0F6D11008FC175 /* HelloBar.swift */,
				3F5FE47F2B0F6D2A008FC175 /* SearchPad.swift */,
				3F5FE48B2B0F754B008FC175 /* TabViews.swift */,
				3F5FE4832B0F729D008FC175 /* HomeView.swift */,
				3F5FE4852B0F72C1008FC175 /* CalendarView.swift */,
				3F5FE4872B0F72D4008FC175 /* MessageView.swift */,
				3F5FE4892B0F72E5008FC175 /* ProfileView.swift */,
				3F5FE4912B0F8902008FC175 /* DoctorCards.swift */,
			);
			path = Views;
			sourceTree = "<group>";
		};
/* End PBXGroup section */

/* Begin PBXNativeTarget section */
		3F5FE4412B0F6B5C008FC175 /* SwiftDoctor5 */ = {
			isa = PBXNativeTarget;
			buildConfigurationList = 3F5FE4682B0F6B5D008FC175 /* Build configuration list for PBXNativeTarget "SwiftDoctor5" */;
			buildPhases = (
				3F5FE43E2B0F6B5C008FC175 /* Sources */,
				3F5FE43F2B0F6B5C008FC175 /* Frameworks */,
				3F5FE4402B0F6B5C008FC175 /* Resources */,
			);
			buildRules = (
			);
			dependencies = (
			);
			name = SwiftDoctor5;
			productName = SwiftDoctor5;
			productReference = 3F5FE4422B0F6B5C008FC175 /* SwiftDoctor5.app */;
			productType = "com.apple.product-type.application";
		};
		3F5FE4532B0F6B5D008FC175 /* SwiftDoctor5Tests */ = {
			isa = PBXNativeTarget;
			buildConfigurationList = 3F5FE46B2B0F6B5D008FC175 /* Build configuration list for PBXNativeTarget "SwiftDoctor5Tests" */;
			buildPhases = (
				3F5FE4502B0F6B5D008FC175 /* Sources */,
				3F5FE4512B0F6B5D008FC175 /* Frameworks */,
				3F5FE4522B0F6B5D008FC175 /* Resources */,
			);
			buildRules = (
			);
			dependencies = (
				3F5FE4562B0F6B5D008FC175 /* PBXTargetDependency */,
			);
			name = SwiftDoctor5Tests;
			productName = SwiftDoctor5Tests;
			productReference = 3F5FE4542B0F6B5D008FC175 /* SwiftDoctor5Tests.xctest */;
			productType = "com.apple.product-type.bundle.unit-test";
		};
		3F5FE45D2B0F6B5D008FC175 /* SwiftDoctor5UITests */ = {
			isa = PBXNativeTarget;
			buildConfigurationList = 3F5FE46E2B0F6B5D008FC175 /* Build configuration list for PBXNativeTarget "SwiftDoctor5UITests" */;
			buildPhases = (
				3F5FE45A2B0F6B5D008FC175 /* Sources */,
				3F5FE45B2B0F6B5D008FC175 /* Frameworks */,
				3F5FE45C2B0F6B5D008FC175 /* Resources */,
			);
			buildRules = (
			);
			dependencies = (
				3F5FE4602B0F6B5D008FC175 /* PBXTargetDependency */,
			);
			name = SwiftDoctor5UITests;
			productName = SwiftDoctor5UITests;
			productReference = 3F5FE45E2B0F6B5D008FC175 /* SwiftDoctor5UITests.xctest */;
			productType = "com.apple.product-type.bundle.ui-testing";
		};
/* End PBXNativeTarget section */

/* Begin PBXProject section */
		3F5FE43A2B0F6B5C008FC175 /* Project object */ = {
			isa = PBXProject;
			attributes = {
				BuildIndependentTargetsInParallel = 1;
				LastSwiftUpdateCheck = 1500;
				LastUpgradeCheck = 1500;
				TargetAttributes = {
					3F5FE4412B0F6B5C008FC175 = {
						CreatedOnToolsVersion = 15.0.1;
					};
					3F5FE4532B0F6B5D008FC175 = {
						CreatedOnToolsVersion = 15.0.1;
						TestTargetID = 3F5FE4412B0F6B5C008FC175;
					};
					3F5FE45D2B0F6B5D008FC175 = {
						CreatedOnToolsVersion = 15.0.1;
						TestTargetID = 3F5FE4412B0F6B5C008FC175;
					};
				};
			};
			buildConfigurationList = 3F5FE43D2B0F6B5C008FC175 /* Build configuration list for PBXProject "SwiftDoctor5" */;
			compatibilityVersion = "Xcode 14.0";
			developmentRegion = en;
			hasScannedForEncodings = 0;
			knownRegions = (
				en,
				Base,
			);
			mainGroup = 3F5FE4392B0F6B5C008FC175;
			productRefGroup = 3F5FE4432B0F6B5C008FC175 /* Products */;
			projectDirPath = "";
			projectRoot = "";
			targets = (
				3F5FE4412B0F6B5C008FC175 /* SwiftDoctor5 */,
				3F5FE4532B0F6B5D008FC175 /* SwiftDoctor5Tests */,
				3F5FE45D2B0F6B5D008FC175 /* SwiftDoctor5UITests */,
			);
		};
/* End PBXProject section */

/* Begin PBXResourcesBuildPhase section */
		3F5FE4402B0F6B5C008FC175 /* Resources */ = {
			isa = PBXResourcesBuildPhase;
			buildActionMask = 2147483647;
			files = (
				3F5FE44F2B0F6B5D008FC175 /* Preview Assets.xcassets in Resources */,
				3F5FE44C2B0F6B5D008FC175 /* Assets.xcassets in Resources */,
			);
			runOnlyForDeploymentPostprocessing = 0;
		};
		3F5FE4522B0F6B5D008FC175 /* Resources */ = {
			isa = PBXResourcesBuildPhase;
			buildActionMask = 2147483647;
			files = (
			);
			runOnlyForDeploymentPostprocessing = 0;
		};
		3F5FE45C2B0F6B5D008FC175 /* Resources */ = {
			isa = PBXResourcesBuildPhase;
			buildActionMask = 2147483647;
			files = (
			);
			runOnlyForDeploymentPostprocessing = 0;
		};
/* End PBXResourcesBuildPhase section */

/* Begin PBXSourcesBuildPhase section */
		3F5FE43E2B0F6B5C008FC175 /* Sources */ = {
			isa = PBXSourcesBuildPhase;
			buildActionMask = 2147483647;
			files = (
				3F5FE4482B0F6B5C008FC175 /* ContentView.swift in Sources */,
				3F5FE4862B0F72C1008FC175 /* CalendarView.swift in Sources */,
				3F5FE4742B0F6C32008FC175 /* Colors.swift in Sources */,
				3F5FE47E2B0F6D11008FC175 /* HelloBar.swift in Sources */,
				3F5FE4882B0F72D4008FC175 /* MessageView.swift in Sources */,
				3F5FE4782B0F6C5E008FC175 /* Strings.swift in Sources */,
				3F5FE4842B0F729D008FC175 /* HomeView.swift in Sources */,
				3F5FE47A2B0F6CC7008FC175 /* Buttons.swift in Sources */,
				3F5FE4802B0F6D2A008FC175 /* SearchPad.swift in Sources */,
				3F5FE4762B0F6C52008FC175 /* FontStyles.swift in Sources */,
				3F5FE4922B0F8902008FC175 /* DoctorCards.swift in Sources */,
				3F5FE4462B0F6B5C008FC175 /* SwiftDoctor5App.swift in Sources */,
				3F5FE48A2B0F72E5008FC175 /* ProfileView.swift in Sources */,
				3F5FE48C2B0F754B008FC175 /* TabViews.swift in Sources */,
				3F5FE47C2B0F6CF4008FC175 /* DoctorPad.swift in Sources */,
			);
			runOnlyForDeploymentPostprocessing = 0;
		};
		3F5FE4502B0F6B5D008FC175 /* Sources */ = {
			isa = PBXSourcesBuildPhase;
			buildActionMask = 2147483647;
			files = (
				3F5FE4592B0F6B5D008FC175 /* SwiftDoctor5Tests.swift in Sources */,
			);
			runOnlyForDeploymentPostprocessing = 0;
		};
		3F5FE45A2B0F6B5D008FC175 /* Sources */ = {
			isa = PBXSourcesBuildPhase;
			buildActionMask = 2147483647;
			files = (
				3F5FE4632B0F6B5D008FC175 /* SwiftDoctor5UITests.swift in Sources */,
				3F5FE4652B0F6B5D008FC175 /* SwiftDoctor5UITestsLaunchTests.swift in Sources */,
			);
			runOnlyForDeploymentPostprocessing = 0;
		};
/* End PBXSourcesBuildPhase section */

/* Begin PBXTargetDependency section */
		3F5FE4562B0F6B5D008FC175 /* PBXTargetDependency */ = {
			isa = PBXTargetDependency;
			target = 3F5FE4412B0F6B5C008FC175 /* SwiftDoctor5 */;
			targetProxy = 3F5FE4552B0F6B5D008FC175 /* PBXContainerItemProxy */;
		};
		3F5FE4602B0F6B5D008FC175 /* PBXTargetDependency */ = {
			isa = PBXTargetDependency;
			target = 3F5FE4412B0F6B5C008FC175 /* SwiftDoctor5 */;
			targetProxy = 3F5FE45F2B0F6B5D008FC175 /* PBXContainerItemProxy */;
		};
/* End PBXTargetDependency section */

/* Begin XCBuildConfiguration section */
		3F5FE4662B0F6B5D008FC175 /* Debug */ = {
			isa = XCBuildConfiguration;
			buildSettings = {
				ALWAYS_SEARCH_USER_PATHS = NO;
				ASSETCATALOG_COMPILER_GENERATE_SWIFT_ASSET_SYMBOL_EXTENSIONS = YES;
				CLANG_ANALYZER_NONNULL = YES;
				CLANG_ANALYZER_NUMBER_OBJECT_CONVERSION = YES_AGGRESSIVE;
				CLANG_CXX_LANGUAGE_STANDARD = "gnu++20";
				CLANG_ENABLE_MODULES = YES;
				CLANG_ENABLE_OBJC_ARC = YES;
				CLANG_ENABLE_OBJC_WEAK = YES;
				CLANG_WARN_BLOCK_CAPTURE_AUTORELEASING = YES;
				CLANG_WARN_BOOL_CONVERSION = YES;
				CLANG_WARN_COMMA = YES;
				CLANG_WARN_CONSTANT_CONVERSION = YES;
				CLANG_WARN_DEPRECATED_OBJC_IMPLEMENTATIONS = YES;
				CLANG_WARN_DIRECT_OBJC_ISA_USAGE = YES_ERROR;
				CLANG_WARN_DOCUMENTATION_COMMENTS = YES;
				CLANG_WARN_EMPTY_BODY = YES;
				CLANG_WARN_ENUM_CONVERSION = YES;
				CLANG_WARN_INFINITE_RECURSION = YES;
				CLANG_WARN_INT_CONVERSION = YES;
				CLANG_WARN_NON_LITERAL_NULL_CONVERSION = YES;
				CLANG_WARN_OBJC_IMPLICIT_RETAIN_SELF = YES;
				CLANG_WARN_OBJC_LITERAL_CONVERSION = YES;
				CLANG_WARN_OBJC_ROOT_CLASS = YES_ERROR;
				CLANG_WARN_QUOTED_INCLUDE_IN_FRAMEWORK_HEADER = YES;
				CLANG_WARN_RANGE_LOOP_ANALYSIS = YES;
				CLANG_WARN_STRICT_PROTOTYPES = YES;
				CLANG_WARN_SUSPICIOUS_MOVE = YES;
				CLANG_WARN_UNGUARDED_AVAILABILITY = YES_AGGRESSIVE;
				CLANG_WARN_UNREACHABLE_CODE = YES;
				CLANG_WARN__DUPLICATE_METHOD_MATCH = YES;
				COPY_PHASE_STRIP = NO;
				DEBUG_INFORMATION_FORMAT = dwarf;
				ENABLE_STRICT_OBJC_MSGSEND = YES;
				ENABLE_TESTABILITY = YES;
				ENABLE_USER_SCRIPT_SANDBOXING = YES;
				GCC_C_LANGUAGE_STANDARD = gnu17;
				GCC_DYNAMIC_NO_PIC = NO;
				GCC_NO_COMMON_BLOCKS = YES;
				GCC_OPTIMIZATION_LEVEL = 0;
				GCC_PREPROCESSOR_DEFINITIONS = (
					"DEBUG=1",
					"$(inherited)",
				);
				GCC_WARN_64_TO_32_BIT_CONVERSION = YES;
				GCC_WARN_ABOUT_RETURN_TYPE = YES_ERROR;
				GCC_WARN_UNDECLARED_SELECTOR = YES;
				GCC_WARN_UNINITIALIZED_AUTOS = YES_AGGRESSIVE;
				GCC_WARN_UNUSED_FUNCTION = YES;
				GCC_WARN_UNUSED_VARIABLE = YES;
				IPHONEOS_DEPLOYMENT_TARGET = 17.0;
				LOCALIZATION_PREFERS_STRING_CATALOGS = YES;
				MTL_ENABLE_DEBUG_INFO = INCLUDE_SOURCE;
				MTL_FAST_MATH = YES;
				ONLY_ACTIVE_ARCH = YES;
				SDKROOT = iphoneos;
				SWIFT_ACTIVE_COMPILATION_CONDITIONS = "DEBUG $(inherited)";
				SWIFT_OPTIMIZATION_LEVEL = "-Onone";
			};
			name = Debug;
		};
		3F5FE4672B0F6B5D008FC175 /* Release */ = {
			isa = XCBuildConfiguration;
			buildSettings = {
				ALWAYS_SEARCH_USER_PATHS = NO;
				ASSETCATALOG_COMPILER_GENERATE_SWIFT_ASSET_SYMBOL_EXTENSIONS = YES;
				CLANG_ANALYZER_NONNULL = YES;
				CLANG_ANALYZER_NUMBER_OBJECT_CONVERSION = YES_AGGRESSIVE;
				CLANG_CXX_LANGUAGE_STANDARD = "gnu++20";
				CLANG_ENABLE_MODULES = YES;
				CLANG_ENABLE_OBJC_ARC = YES;
				CLANG_ENABLE_OBJC_WEAK = YES;
				CLANG_WARN_BLOCK_CAPTURE_AUTORELEASING = YES;
				CLANG_WARN_BOOL_CONVERSION = YES;
				CLANG_WARN_COMMA = YES;
				CLANG_WARN_CONSTANT_CONVERSION = YES;
				CLANG_WARN_DEPRECATED_OBJC_IMPLEMENTATIONS = YES;
				CLANG_WARN_DIRECT_OBJC_ISA_USAGE = YES_ERROR;
				CLANG_WARN_DOCUMENTATION_COMMENTS = YES;
				CLANG_WARN_EMPTY_BODY = YES;
				CLANG_WARN_ENUM_CONVERSION = YES;
				CLANG_WARN_INFINITE_RECURSION = YES;
				CLANG_WARN_INT_CONVERSION = YES;
				CLANG_WARN_NON_LITERAL_NULL_CONVERSION = YES;
				CLANG_WARN_OBJC_IMPLICIT_RETAIN_SELF = YES;
				CLANG_WARN_OBJC_LITERAL_CONVERSION = YES;
				CLANG_WARN_OBJC_ROOT_CLASS = YES_ERROR;
				CLANG_WARN_QUOTED_INCLUDE_IN_FRAMEWORK_HEADER = YES;
				CLANG_WARN_RANGE_LOOP_ANALYSIS = YES;
				CLANG_WARN_STRICT_PROTOTYPES = YES;
				CLANG_WARN_SUSPICIOUS_MOVE = YES;
				CLANG_WARN_UNGUARDED_AVAILABILITY = YES_AGGRESSIVE;
				CLANG_WARN_UNREACHABLE_CODE = YES;
				CLANG_WARN__DUPLICATE_METHOD_MATCH = YES;
				COPY_PHASE_STRIP = NO;
				DEBUG_INFORMATION_FORMAT = "dwarf-with-dsym";
				ENABLE_NS_ASSERTIONS = NO;
				ENABLE_STRICT_OBJC_MSGSEND = YES;
				ENABLE_USER_SCRIPT_SANDBOXING = YES;
				GCC_C_LANGUAGE_STANDARD = gnu17;
				GCC_NO_COMMON_BLOCKS = YES;
				GCC_WARN_64_TO_32_BIT_CONVERSION = YES;
				GCC_WARN_ABOUT_RETURN_TYPE = YES_ERROR;
				GCC_WARN_UNDECLARED_SELECTOR = YES;
				GCC_WARN_UNINITIALIZED_AUTOS = YES_AGGRESSIVE;
				GCC_WARN_UNUSED_FUNCTION = YES;
				GCC_WARN_UNUSED_VARIABLE = YES;
				IPHONEOS_DEPLOYMENT_TARGET = 17.0;
				LOCALIZATION_PREFERS_STRING_CATALOGS = YES;
				MTL_ENABLE_DEBUG_INFO = NO;
				MTL_FAST_MATH = YES;
				SDKROOT = iphoneos;
				SWIFT_COMPILATION_MODE = wholemodule;
				VALIDATE_PRODUCT = YES;
			};
			name = Release;
		};
		3F5FE4692B0F6B5D008FC175 /* Debug */ = {
			isa = XCBuildConfiguration;
			buildSettings = {
				ASSETCATALOG_COMPILER_APPICON_NAME = AppIcon;
				ASSETCATALOG_COMPILER_GLOBAL_ACCENT_COLOR_NAME = AccentColor;
				CODE_SIGN_STYLE = Automatic;
				CURRENT_PROJECT_VERSION = 1;
				DEVELOPMENT_ASSET_PATHS = "\"SwiftDoctor5/Preview Content\"";
				ENABLE_PREVIEWS = YES;
				GENERATE_INFOPLIST_FILE = YES;
				INFOPLIST_KEY_UIApplicationSceneManifest_Generation = YES;
				INFOPLIST_KEY_UIApplicationSupportsIndirectInputEvents = YES;
				INFOPLIST_KEY_UILaunchScreen_Generation = YES;
				INFOPLIST_KEY_UISupportedInterfaceOrientations_iPad = "UIInterfaceOrientationPortrait UIInterfaceOrientationPortraitUpsideDown UIInterfaceOrientationLandscapeLeft UIInterfaceOrientationLandscapeRight";
				INFOPLIST_KEY_UISupportedInterfaceOrientations_iPhone = "UIInterfaceOrientationPortrait UIInterfaceOrientationLandscapeLeft UIInterfaceOrientationLandscapeRight";
				LD_RUNPATH_SEARCH_PATHS = (
					"$(inherited)",
					"@executable_path/Frameworks",
				);
				MARKETING_VERSION = 1.0;
				PRODUCT_BUNDLE_IDENTIFIER = com.SwiftDoctor5;
				PRODUCT_NAME = "$(TARGET_NAME)";
				SWIFT_EMIT_LOC_STRINGS = YES;
				SWIFT_VERSION = 5.0;
				TARGETED_DEVICE_FAMILY = "1,2";
			};
			name = Debug;
		};
		3F5FE46A2B0F6B5D008FC175 /* Release */ = {
			isa = XCBuildConfiguration;
			buildSettings = {
				ASSETCATALOG_COMPILER_APPICON_NAME = AppIcon;
				ASSETCATALOG_COMPILER_GLOBAL_ACCENT_COLOR_NAME = AccentColor;
				CODE_SIGN_STYLE = Automatic;
				CURRENT_PROJECT_VERSION = 1;
				DEVELOPMENT_ASSET_PATHS = "\"SwiftDoctor5/Preview Content\"";
				ENABLE_PREVIEWS = YES;
				GENERATE_INFOPLIST_FILE = YES;
				INFOPLIST_KEY_UIApplicationSceneManifest_Generation = YES;
				INFOPLIST_KEY_UIApplicationSupportsIndirectInputEvents = YES;
				INFOPLIST_KEY_UILaunchScreen_Generation = YES;
				INFOPLIST_KEY_UISupportedInterfaceOrientations_iPad = "UIInterfaceOrientationPortrait UIInterfaceOrientationPortraitUpsideDown UIInterfaceOrientationLandscapeLeft UIInterfaceOrientationLandscapeRight";
				INFOPLIST_KEY_UISupportedInterfaceOrientations_iPhone = "UIInterfaceOrientationPortrait UIInterfaceOrientationLandscapeLeft UIInterfaceOrientationLandscapeRight";
				LD_RUNPATH_SEARCH_PATHS = (
					"$(inherited)",
					"@executable_path/Frameworks",
				);
				MARKETING_VERSION = 1.0;
				PRODUCT_BUNDLE_IDENTIFIER = com.SwiftDoctor5;
				PRODUCT_NAME = "$(TARGET_NAME)";
				SWIFT_EMIT_LOC_STRINGS = YES;
				SWIFT_VERSION = 5.0;
				TARGETED_DEVICE_FAMILY = "1,2";
			};
			name = Release;
		};
		3F5FE46C2B0F6B5D008FC175 /* Debug */ = {
			isa = XCBuildConfiguration;
			buildSettings = {
				ALWAYS_EMBED_SWIFT_STANDARD_LIBRARIES = YES;
				BUNDLE_LOADER = "$(TEST_HOST)";
				CODE_SIGN_STYLE = Automatic;
				CURRENT_PROJECT_VERSION = 1;
				GENERATE_INFOPLIST_FILE = YES;
				IPHONEOS_DEPLOYMENT_TARGET = 17.0;
				MARKETING_VERSION = 1.0;
				PRODUCT_BUNDLE_IDENTIFIER = com.SwiftDoctor5Tests;
				PRODUCT_NAME = "$(TARGET_NAME)";
				SWIFT_EMIT_LOC_STRINGS = NO;
				SWIFT_VERSION = 5.0;
				TARGETED_DEVICE_FAMILY = "1,2";
				TEST_HOST = "$(BUILT_PRODUCTS_DIR)/SwiftDoctor5.app/$(BUNDLE_EXECUTABLE_FOLDER_PATH)/SwiftDoctor5";
			};
			name = Debug;
		};
		3F5FE46D2B0F6B5D008FC175 /* Release */ = {
			isa = XCBuildConfiguration;
			buildSettings = {
				ALWAYS_EMBED_SWIFT_STANDARD_LIBRARIES = YES;
				BUNDLE_LOADER = "$(TEST_HOST)";
				CODE_SIGN_STYLE = Automatic;
				CURRENT_PROJECT_VERSION = 1;
				GENERATE_INFOPLIST_FILE = YES;
				IPHONEOS_DEPLOYMENT_TARGET = 17.0;
				MARKETING_VERSION = 1.0;
				PRODUCT_BUNDLE_IDENTIFIER = com.SwiftDoctor5Tests;
				PRODUCT_NAME = "$(TARGET_NAME)";
				SWIFT_EMIT_LOC_STRINGS = NO;
				SWIFT_VERSION = 5.0;
				TARGETED_DEVICE_FAMILY = "1,2";
				TEST_HOST = "$(BUILT_PRODUCTS_DIR)/SwiftDoctor5.app/$(BUNDLE_EXECUTABLE_FOLDER_PATH)/SwiftDoctor5";
			};
			name = Release;
		};
		3F5FE46F2B0F6B5D008FC175 /* Debug */ = {
			isa = XCBuildConfiguration;
			buildSettings = {
				ALWAYS_EMBED_SWIFT_STANDARD_LIBRARIES = YES;
				CODE_SIGN_STYLE = Automatic;
				CURRENT_PROJECT_VERSION = 1;
				GENERATE_INFOPLIST_FILE = YES;
				MARKETING_VERSION = 1.0;
				PRODUCT_BUNDLE_IDENTIFIER = com.SwiftDoctor5UITests;
				PRODUCT_NAME = "$(TARGET_NAME)";
				SWIFT_EMIT_LOC_STRINGS = NO;
				SWIFT_VERSION = 5.0;
				TARGETED_DEVICE_FAMILY = "1,2";
				TEST_TARGET_NAME = SwiftDoctor5;
			};
			name = Debug;
		};
		3F5FE4702B0F6B5D008FC175 /* Release */ = {
			isa = XCBuildConfiguration;
			buildSettings = {
				ALWAYS_EMBED_SWIFT_STANDARD_LIBRARIES = YES;
				CODE_SIGN_STYLE = Automatic;
				CURRENT_PROJECT_VERSION = 1;
				GENERATE_INFOPLIST_FILE = YES;
				MARKETING_VERSION = 1.0;
				PRODUCT_BUNDLE_IDENTIFIER = com.SwiftDoctor5UITests;
				PRODUCT_NAME = "$(TARGET_NAME)";
				SWIFT_EMIT_LOC_STRINGS = NO;
				SWIFT_VERSION = 5.0;
				TARGETED_DEVICE_FAMILY = "1,2";
				TEST_TARGET_NAME = SwiftDoctor5;
			};
			name = Release;
		};
/* End XCBuildConfiguration section */

/* Begin XCConfigurationList section */
		3F5FE43D2B0F6B5C008FC175 /* Build configuration list for PBXProject "SwiftDoctor5" */ = {
			isa = XCConfigurationList;
			buildConfigurations = (
				3F5FE4662B0F6B5D008FC175 /* Debug */,
				3F5FE4672B0F6B5D008FC175 /* Release */,
			);
			defaultConfigurationIsVisible = 0;
			defaultConfigurationName = Release;
		};
		3F5FE4682B0F6B5D008FC175 /* Build configuration list for PBXNativeTarget "SwiftDoctor5" */ = {
			isa = XCConfigurationList;
			buildConfigurations = (
				3F5FE4692B0F6B5D008FC175 /* Debug */,
				3F5FE46A2B0F6B5D008FC175 /* Release */,
			);
			defaultConfigurationIsVisible = 0;
			defaultConfigurationName = Release;
		};
		3F5FE46B2B0F6B5D008FC175 /* Build configuration list for PBXNativeTarget "SwiftDoctor5Tests" */ = {
			isa = XCConfigurationList;
			buildConfigurations = (
				3F5FE46C2B0F6B5D008FC175 /* Debug */,
				3F5FE46D2B0F6B5D008FC175 /* Release */,
			);
			defaultConfigurationIsVisible = 0;
			defaultConfigurationName = Release;
		};
		3F5FE46E2B0F6B5D008FC175 /* Build configuration list for PBXNativeTarget "SwiftDoctor5UITests" */ = {
			isa = XCConfigurationList;
			buildConfigurations = (
				3F5FE46F2B0F6B5D008FC175 /* Debug */,
				3F5FE4702B0F6B5D008FC175 /* Release */,
			);
			defaultConfigurationIsVisible = 0;
			defaultConfigurationName = Release;
		};
/* End XCConfigurationList section */
	};
	rootObject = 3F5FE43A2B0F6B5C008FC175 /* Project object */;
}
